
Microsoft Visual Studio Solution File, Format Version 12.00
# Visual Studio 2012
Project("{FAE04EC0-301F-11D3-BF4B-00C04F79EFBC}") = "P01_9GagNumbers", "P01_9GagNumbers\P01_9GagNumbers.csproj", "{FF3EBFBF-16F7-4BEB-8D90-E8CAE1DDB0F2}"
EndProject
Project("{FAE04EC0-301F-11D3-BF4B-00C04F79EFBC}") = "P02SpecialValue", "P02SpecialValue\P02SpecialValue.csproj", "{59AC5361-EC97-4607-88B8-111614841EBB}"
EndProject
Project("{FAE04EC0-301F-11D3-BF4B-00C04F79EFBC}") = "P03KukataIsDancing", "P03KukataIsDancing\P03KukataIsDancing.csproj", "{C5B7257F-1991-492A-A078-DD848E7965FF}"
EndProject
Project("{FAE04EC0-301F-11D3-BF4B-00C04F79EFBC}") = "P04FTML", "P04FTML\P04FTML.csproj", "{E36FB286-C453-4E31-B476-C21DAF895AA4}"
EndProject
Project("{FAE04EC0-301F-11D3-BF4B-00C04F79EFBC}") = "P05ThreeInOne", "P05ThreeInOne\P05ThreeInOne.csproj", "{06F40766-D913-4E43-A999-118B51B3EC44}"
EndProject
Project("{FAE04EC0-301F-11D3-BF4B-00C04F79EFBC}") = "P03KukataIsDancing2DSolution", "P03KukataIsDancing2DSolution\P03KukataIsDancing2DSolution.csproj", "{0C8795C2-70D7-4DB8-AB14-73120EE70FD9}"
EndProject
Global
	GlobalSection(SolutionConfigurationPlatforms) = preSolution
		Debug|Any CPU = Debug|Any CPU
		Release|Any CPU = Release|Any CPU
	EndGlobalSection
	GlobalSection(ProjectConfigurationPlatforms) = postSolution
		{FF3EBFBF-16F7-4BEB-8D90-E8CAE1DDB0F2}.Debug|Any CPU.ActiveCfg = Debug|Any CPU
		{FF3EBFBF-16F7-4BEB-8D90-E8CAE1DDB0F2}.Debug|Any CPU.Build.0 = Debug|Any CPU
		{FF3EBFBF-16F7-4BEB-8D90-E8CAE1DDB0F2}.Release|Any CPU.ActiveCfg = Release|Any CPU
		{FF3EBFBF-16F7-4BEB-8D90-E8CAE1DDB0F2}.Release|Any CPU.Build.0 = Release|Any CPU
		{59AC5361-EC97-4607-88B8-111614841EBB}.Debug|Any CPU.ActiveCfg = Debug|Any CPU
		{59AC5361-EC97-4607-88B8-111614841EBB}.Debug|Any CPU.Build.0 = Debug|Any CPU
		{59AC5361-EC97-4607-88B8-111614841EBB}.Release|Any CPU.ActiveCfg = Release|Any CPU
		{59AC5361-EC97-4607-88B8-111614841EBB}.Release|Any CPU.Build.0 = Release|Any CPU
		{C5B7257F-1991-492A-A078-DD848E7965FF}.Debug|Any CPU.ActiveCfg = Debug|Any CPU
		{C5B7257F-1991-492A-A078-DD848E7965FF}.Debug|Any CPU.Build.0 = Debug|Any CPU
		{C5B7257F-1991-492A-A078-DD848E7965FF}.Release|Any CPU.ActiveCfg = Release|Any CPU
		{C5B7257F-1991-492A-A078-DD848E7965FF}.Release|Any CPU.Build.0 = Release|Any CPU
		{E36FB286-C453-4E31-B476-C21DAF895AA4}.Debug|Any CPU.ActiveCfg = Debug|Any CPU
		{E36FB286-C453-4E31-B476-C21DAF895AA4}.Debug|Any CPU.Build.0 = Debug|Any CPU
		{E36FB286-C453-4E31-B476-C21DAF895AA4}.Release|Any CPU.ActiveCfg = Release|Any CPU
		{E36FB286-C453-4E31-B476-C21DAF895AA4}.Release|Any CPU.Build.0 = Release|Any CPU
		{06F40766-D913-4E43-A999-118B51B3EC44}.Debug|Any CPU.ActiveCfg = Debug|Any CPU
		{06F40766-D913-4E43-A999-118B51B3EC44}.Debug|Any CPU.Build.0 = Debug|Any CPU
		{06F40766-D913-4E43-A999-118B51B3EC44}.Release|Any CPU.ActiveCfg = Release|Any CPU
		{06F40766-D913-4E43-A999-118B51B3EC44}.Release|Any CPU.Build.0 = Release|Any CPU
		{0C8795C2-70D7-4DB8-AB14-73120EE70FD9}.Debug|Any CPU.ActiveCfg = Debug|Any CPU
		{0C8795C2-70D7-4DB8-AB14-73120EE70FD9}.Debug|Any CPU.Build.0 = Debug|Any CPU
		{0C8795C2-70D7-4DB8-AB14-73120EE70FD9}.Release|Any CPU.ActiveCfg = Release|Any CPU
		{0C8795C2-70D7-4DB8-AB14-73120EE70FD9}.Release|Any CPU.Build.0 = Release|Any CPU
	EndGlobalSection
	GlobalSection(SolutionProperties) = preSolution
		HideSolutionNode = FALSE
	EndGlobalSection
EndGlobal
