
Microsoft Visual Studio Solution File, Format Version 12.00
# Visual Studio 2013
VisualStudioVersion = 12.0.30501.0
MinimumVisualStudioVersion = 10.0.40219.1
Project("{FAE04EC0-301F-11D3-BF4B-00C04F79EFBC}") = "Task1Students", "Task1Students\Task1Students.csproj", "{77B8F345-16CB-47AF-86C4-BCC1A9D5AF19}"
EndProject
Project("{FAE04EC0-301F-11D3-BF4B-00C04F79EFBC}") = "Task2Articles", "Task2Articles\Task2Articles.csproj", "{F68761AD-3948-4DF3-B212-A47A7EC07639}"
EndProject
Global
	GlobalSection(SolutionConfigurationPlatforms) = preSolution
		Debug|Any CPU = Debug|Any CPU
		Release|Any CPU = Release|Any CPU
	EndGlobalSection
	GlobalSection(ProjectConfigurationPlatforms) = postSolution
		{77B8F345-16CB-47AF-86C4-BCC1A9D5AF19}.Debug|Any CPU.ActiveCfg = Debug|Any CPU
		{77B8F345-16CB-47AF-86C4-BCC1A9D5AF19}.Debug|Any CPU.Build.0 = Debug|Any CPU
		{77B8F345-16CB-47AF-86C4-BCC1A9D5AF19}.Release|Any CPU.ActiveCfg = Release|Any CPU
		{77B8F345-16CB-47AF-86C4-BCC1A9D5AF19}.Release|Any CPU.Build.0 = Release|Any CPU
		{F68761AD-3948-4DF3-B212-A47A7EC07639}.Debug|Any CPU.ActiveCfg = Debug|Any CPU
		{F68761AD-3948-4DF3-B212-A47A7EC07639}.Debug|Any CPU.Build.0 = Debug|Any CPU
		{F68761AD-3948-4DF3-B212-A47A7EC07639}.Release|Any CPU.ActiveCfg = Release|Any CPU
		{F68761AD-3948-4DF3-B212-A47A7EC07639}.Release|Any CPU.Build.0 = Release|Any CPU
	EndGlobalSection
	GlobalSection(SolutionProperties) = preSolution
		HideSolutionNode = FALSE
	EndGlobalSection
EndGlobal
