
Microsoft Visual Studio Solution File, Format Version 12.00
# Visual Studio 2013
VisualStudioVersion = 12.0.30501.0
MinimumVisualStudioVersion = 10.0.40219.1
Project("{FAE04EC0-301F-11D3-BF4B-00C04F79EFBC}") = "NorthwindApplication", "NorthwindApplication\NorthwindApplication.csproj", "{A5DC40C1-043A-4A0A-BEC0-5EFFCFF8E789}"
EndProject
Project("{FAE04EC0-301F-11D3-BF4B-00C04F79EFBC}") = "NorthwindApplication.Tests", "NorthwindApplication.Tests\NorthwindApplication.Tests.csproj", "{141EB1C7-ECDD-45A6-A446-B6715C585209}"
EndProject
Project("{FAE04EC0-301F-11D3-BF4B-00C04F79EFBC}") = "NorthWindTwin", "NorthWindTwin\NorthWindTwin.csproj", "{58BB9269-07B9-4D7C-BC23-EC495E55884A}"
EndProject
Project("{FAE04EC0-301F-11D3-BF4B-00C04F79EFBC}") = "Task11UsersAndGroups", "Task11UsersAndGroups\Task11UsersAndGroups.csproj", "{6B209EC2-E177-4B07-92BB-555B48895164}"
EndProject
Global
	GlobalSection(SolutionConfigurationPlatforms) = preSolution
		Debug|Any CPU = Debug|Any CPU
		Debug|Mixed Platforms = Debug|Mixed Platforms
		Debug|x86 = Debug|x86
		Release|Any CPU = Release|Any CPU
		Release|Mixed Platforms = Release|Mixed Platforms
		Release|x86 = Release|x86
	EndGlobalSection
	GlobalSection(ProjectConfigurationPlatforms) = postSolution
		{A5DC40C1-043A-4A0A-BEC0-5EFFCFF8E789}.Debug|Any CPU.ActiveCfg = Debug|Any CPU
		{A5DC40C1-043A-4A0A-BEC0-5EFFCFF8E789}.Debug|Any CPU.Build.0 = Debug|Any CPU
		{A5DC40C1-043A-4A0A-BEC0-5EFFCFF8E789}.Debug|Mixed Platforms.ActiveCfg = Debug|Any CPU
		{A5DC40C1-043A-4A0A-BEC0-5EFFCFF8E789}.Debug|Mixed Platforms.Build.0 = Debug|Any CPU
		{A5DC40C1-043A-4A0A-BEC0-5EFFCFF8E789}.Debug|x86.ActiveCfg = Debug|Any CPU
		{A5DC40C1-043A-4A0A-BEC0-5EFFCFF8E789}.Release|Any CPU.ActiveCfg = Release|Any CPU
		{A5DC40C1-043A-4A0A-BEC0-5EFFCFF8E789}.Release|Any CPU.Build.0 = Release|Any CPU
		{A5DC40C1-043A-4A0A-BEC0-5EFFCFF8E789}.Release|Mixed Platforms.ActiveCfg = Release|Any CPU
		{A5DC40C1-043A-4A0A-BEC0-5EFFCFF8E789}.Release|Mixed Platforms.Build.0 = Release|Any CPU
		{A5DC40C1-043A-4A0A-BEC0-5EFFCFF8E789}.Release|x86.ActiveCfg = Release|Any CPU
		{141EB1C7-ECDD-45A6-A446-B6715C585209}.Debug|Any CPU.ActiveCfg = Debug|Any CPU
		{141EB1C7-ECDD-45A6-A446-B6715C585209}.Debug|Any CPU.Build.0 = Debug|Any CPU
		{141EB1C7-ECDD-45A6-A446-B6715C585209}.Debug|Mixed Platforms.ActiveCfg = Debug|Any CPU
		{141EB1C7-ECDD-45A6-A446-B6715C585209}.Debug|Mixed Platforms.Build.0 = Debug|Any CPU
		{141EB1C7-ECDD-45A6-A446-B6715C585209}.Debug|x86.ActiveCfg = Debug|Any CPU
		{141EB1C7-ECDD-45A6-A446-B6715C585209}.Release|Any CPU.ActiveCfg = Release|Any CPU
		{141EB1C7-ECDD-45A6-A446-B6715C585209}.Release|Any CPU.Build.0 = Release|Any CPU
		{141EB1C7-ECDD-45A6-A446-B6715C585209}.Release|Mixed Platforms.ActiveCfg = Release|Any CPU
		{141EB1C7-ECDD-45A6-A446-B6715C585209}.Release|Mixed Platforms.Build.0 = Release|Any CPU
		{141EB1C7-ECDD-45A6-A446-B6715C585209}.Release|x86.ActiveCfg = Release|Any CPU
		{58BB9269-07B9-4D7C-BC23-EC495E55884A}.Debug|Any CPU.ActiveCfg = Debug|Any CPU
		{58BB9269-07B9-4D7C-BC23-EC495E55884A}.Debug|Any CPU.Build.0 = Debug|Any CPU
		{58BB9269-07B9-4D7C-BC23-EC495E55884A}.Debug|Mixed Platforms.ActiveCfg = Debug|Any CPU
		{58BB9269-07B9-4D7C-BC23-EC495E55884A}.Debug|Mixed Platforms.Build.0 = Debug|Any CPU
		{58BB9269-07B9-4D7C-BC23-EC495E55884A}.Debug|x86.ActiveCfg = Debug|Any CPU
		{58BB9269-07B9-4D7C-BC23-EC495E55884A}.Release|Any CPU.ActiveCfg = Release|Any CPU
		{58BB9269-07B9-4D7C-BC23-EC495E55884A}.Release|Any CPU.Build.0 = Release|Any CPU
		{58BB9269-07B9-4D7C-BC23-EC495E55884A}.Release|Mixed Platforms.ActiveCfg = Release|Any CPU
		{58BB9269-07B9-4D7C-BC23-EC495E55884A}.Release|Mixed Platforms.Build.0 = Release|Any CPU
		{58BB9269-07B9-4D7C-BC23-EC495E55884A}.Release|x86.ActiveCfg = Release|Any CPU
		{6B209EC2-E177-4B07-92BB-555B48895164}.Debug|Any CPU.ActiveCfg = Debug|Any CPU
		{6B209EC2-E177-4B07-92BB-555B48895164}.Debug|Any CPU.Build.0 = Debug|Any CPU
		{6B209EC2-E177-4B07-92BB-555B48895164}.Debug|Mixed Platforms.ActiveCfg = Debug|Any CPU
		{6B209EC2-E177-4B07-92BB-555B48895164}.Debug|Mixed Platforms.Build.0 = Debug|Any CPU
		{6B209EC2-E177-4B07-92BB-555B48895164}.Debug|x86.ActiveCfg = Debug|Any CPU
		{6B209EC2-E177-4B07-92BB-555B48895164}.Release|Any CPU.ActiveCfg = Release|Any CPU
		{6B209EC2-E177-4B07-92BB-555B48895164}.Release|Any CPU.Build.0 = Release|Any CPU
		{6B209EC2-E177-4B07-92BB-555B48895164}.Release|Mixed Platforms.ActiveCfg = Release|Any CPU
		{6B209EC2-E177-4B07-92BB-555B48895164}.Release|Mixed Platforms.Build.0 = Release|Any CPU
		{6B209EC2-E177-4B07-92BB-555B48895164}.Release|x86.ActiveCfg = Release|Any CPU
	EndGlobalSection
	GlobalSection(SolutionProperties) = preSolution
		HideSolutionNode = FALSE
	EndGlobalSection
EndGlobal
