
Microsoft Visual Studio Solution File, Format Version 12.00
# Visual Studio Express 2012 for Windows Desktop
Project("{FAE04EC0-301F-11D3-BF4B-00C04F79EFBC}") = "1. Hello", "1. Hello\1. Hello.csproj", "{72910F60-FB86-4A03-BA96-FFAA71080A7F}"
EndProject
Project("{FAE04EC0-301F-11D3-BF4B-00C04F79EFBC}") = "2. GetMaxProgram", "2. GetMax\2. GetMaxProgram.csproj", "{34F9CDDD-0D8C-4A20-8C4F-C3F8AD0A96AB}"
EndProject
Project("{FAE04EC0-301F-11D3-BF4B-00C04F79EFBC}") = "3. Last_digit", "3. Last_digit\3. Last_digit.csproj", "{9657F95D-6E3A-41A2-B750-831BFF5E37C4}"
EndProject
Project("{FAE04EC0-301F-11D3-BF4B-00C04F79EFBC}") = "4. CountNumber", "4. CountNumber\4. CountNumber.csproj", "{04AA563F-0E37-407B-87B1-ECFE31A08D38}"
EndProject
Project("{FAE04EC0-301F-11D3-BF4B-00C04F79EFBC}") = "5. BiggerInt", "5. BiggerInt\5. BiggerInt.csproj", "{D9ACC43E-F692-455C-A377-F4753CC5081F}"
EndProject
Project("{FAE04EC0-301F-11D3-BF4B-00C04F79EFBC}") = "6. FirstBiggerInt", "6. FirstBiggerInt\6. FirstBiggerInt.csproj", "{78E44691-B626-49A7-9D5A-8F3D49B737D7}"
EndProject
Project("{FAE04EC0-301F-11D3-BF4B-00C04F79EFBC}") = "7. ReverseDigits", "7. ReverseDigits\7. ReverseDigits.csproj", "{ADA00472-2649-41FE-86D6-32F43395ADCF}"
EndProject
Project("{FAE04EC0-301F-11D3-BF4B-00C04F79EFBC}") = "8. AddAsArray", "8. AddAsArray\8. AddAsArray.csproj", "{EC8EA5E6-C1E1-4C89-B8EA-A1E7FEB6346F}"
EndProject
Project("{FAE04EC0-301F-11D3-BF4B-00C04F79EFBC}") = "9. MaxAndSort", "9. MaxAndSort\9. MaxAndSort.csproj", "{E2CE6173-F3B1-490F-B891-1D998F719E3A}"
EndProject
Project("{FAE04EC0-301F-11D3-BF4B-00C04F79EFBC}") = "10. Factoriel", "10. Factoriel\10. Factoriel.csproj", "{10372A2C-A67D-4396-90AF-BB0FD1030751}"
EndProject
Project("{FAE04EC0-301F-11D3-BF4B-00C04F79EFBC}") = "11. AddPolynomials", "11. AddPolynomials\11. AddPolynomials.csproj", "{B2AE1FB9-19A4-48D2-9670-1346FC4CBA41}"
EndProject
Project("{FAE04EC0-301F-11D3-BF4B-00C04F79EFBC}") = "12. ExtendAddPolynomials", "12. ExtendAddPolynomials\12. ExtendAddPolynomials.csproj", "{9D7F1AA6-4B87-41E7-993A-148C96DCD9AD}"
EndProject
Project("{FAE04EC0-301F-11D3-BF4B-00C04F79EFBC}") = "13. Tasks", "13. Tasks\13. Tasks.csproj", "{F232C851-2F19-43CE-AF32-2E2B7E735E57}"
EndProject
Project("{FAE04EC0-301F-11D3-BF4B-00C04F79EFBC}") = "14. SetOfIntegers", "14. SetOfIntegers\14. SetOfIntegers.csproj", "{5D00FB08-96D2-4B3F-A409-34EB5DBD4274}"
EndProject
Project("{FAE04EC0-301F-11D3-BF4B-00C04F79EFBC}") = "15. SetOfNumbers", "15. SetOfNumbers\15. SetOfNumbers.csproj", "{F74ED587-E772-4F98-A72D-EFD01849CED2}"
EndProject
Global
	GlobalSection(SolutionConfigurationPlatforms) = preSolution
		Debug|Any CPU = Debug|Any CPU
		Release|Any CPU = Release|Any CPU
	EndGlobalSection
	GlobalSection(ProjectConfigurationPlatforms) = postSolution
		{72910F60-FB86-4A03-BA96-FFAA71080A7F}.Debug|Any CPU.ActiveCfg = Debug|Any CPU
		{72910F60-FB86-4A03-BA96-FFAA71080A7F}.Debug|Any CPU.Build.0 = Debug|Any CPU
		{72910F60-FB86-4A03-BA96-FFAA71080A7F}.Release|Any CPU.ActiveCfg = Release|Any CPU
		{72910F60-FB86-4A03-BA96-FFAA71080A7F}.Release|Any CPU.Build.0 = Release|Any CPU
		{34F9CDDD-0D8C-4A20-8C4F-C3F8AD0A96AB}.Debug|Any CPU.ActiveCfg = Debug|Any CPU
		{34F9CDDD-0D8C-4A20-8C4F-C3F8AD0A96AB}.Debug|Any CPU.Build.0 = Debug|Any CPU
		{34F9CDDD-0D8C-4A20-8C4F-C3F8AD0A96AB}.Release|Any CPU.ActiveCfg = Release|Any CPU
		{34F9CDDD-0D8C-4A20-8C4F-C3F8AD0A96AB}.Release|Any CPU.Build.0 = Release|Any CPU
		{9657F95D-6E3A-41A2-B750-831BFF5E37C4}.Debug|Any CPU.ActiveCfg = Debug|Any CPU
		{9657F95D-6E3A-41A2-B750-831BFF5E37C4}.Debug|Any CPU.Build.0 = Debug|Any CPU
		{9657F95D-6E3A-41A2-B750-831BFF5E37C4}.Release|Any CPU.ActiveCfg = Release|Any CPU
		{9657F95D-6E3A-41A2-B750-831BFF5E37C4}.Release|Any CPU.Build.0 = Release|Any CPU
		{04AA563F-0E37-407B-87B1-ECFE31A08D38}.Debug|Any CPU.ActiveCfg = Debug|Any CPU
		{04AA563F-0E37-407B-87B1-ECFE31A08D38}.Debug|Any CPU.Build.0 = Debug|Any CPU
		{04AA563F-0E37-407B-87B1-ECFE31A08D38}.Release|Any CPU.ActiveCfg = Release|Any CPU
		{04AA563F-0E37-407B-87B1-ECFE31A08D38}.Release|Any CPU.Build.0 = Release|Any CPU
		{D9ACC43E-F692-455C-A377-F4753CC5081F}.Debug|Any CPU.ActiveCfg = Debug|Any CPU
		{D9ACC43E-F692-455C-A377-F4753CC5081F}.Debug|Any CPU.Build.0 = Debug|Any CPU
		{D9ACC43E-F692-455C-A377-F4753CC5081F}.Release|Any CPU.ActiveCfg = Release|Any CPU
		{D9ACC43E-F692-455C-A377-F4753CC5081F}.Release|Any CPU.Build.0 = Release|Any CPU
		{78E44691-B626-49A7-9D5A-8F3D49B737D7}.Debug|Any CPU.ActiveCfg = Debug|Any CPU
		{78E44691-B626-49A7-9D5A-8F3D49B737D7}.Debug|Any CPU.Build.0 = Debug|Any CPU
		{78E44691-B626-49A7-9D5A-8F3D49B737D7}.Release|Any CPU.ActiveCfg = Release|Any CPU
		{78E44691-B626-49A7-9D5A-8F3D49B737D7}.Release|Any CPU.Build.0 = Release|Any CPU
		{ADA00472-2649-41FE-86D6-32F43395ADCF}.Debug|Any CPU.ActiveCfg = Debug|Any CPU
		{ADA00472-2649-41FE-86D6-32F43395ADCF}.Debug|Any CPU.Build.0 = Debug|Any CPU
		{ADA00472-2649-41FE-86D6-32F43395ADCF}.Release|Any CPU.ActiveCfg = Release|Any CPU
		{ADA00472-2649-41FE-86D6-32F43395ADCF}.Release|Any CPU.Build.0 = Release|Any CPU
		{EC8EA5E6-C1E1-4C89-B8EA-A1E7FEB6346F}.Debug|Any CPU.ActiveCfg = Debug|Any CPU
		{EC8EA5E6-C1E1-4C89-B8EA-A1E7FEB6346F}.Debug|Any CPU.Build.0 = Debug|Any CPU
		{EC8EA5E6-C1E1-4C89-B8EA-A1E7FEB6346F}.Release|Any CPU.ActiveCfg = Release|Any CPU
		{EC8EA5E6-C1E1-4C89-B8EA-A1E7FEB6346F}.Release|Any CPU.Build.0 = Release|Any CPU
		{E2CE6173-F3B1-490F-B891-1D998F719E3A}.Debug|Any CPU.ActiveCfg = Debug|Any CPU
		{E2CE6173-F3B1-490F-B891-1D998F719E3A}.Debug|Any CPU.Build.0 = Debug|Any CPU
		{E2CE6173-F3B1-490F-B891-1D998F719E3A}.Release|Any CPU.ActiveCfg = Release|Any CPU
		{E2CE6173-F3B1-490F-B891-1D998F719E3A}.Release|Any CPU.Build.0 = Release|Any CPU
		{10372A2C-A67D-4396-90AF-BB0FD1030751}.Debug|Any CPU.ActiveCfg = Debug|Any CPU
		{10372A2C-A67D-4396-90AF-BB0FD1030751}.Debug|Any CPU.Build.0 = Debug|Any CPU
		{10372A2C-A67D-4396-90AF-BB0FD1030751}.Release|Any CPU.ActiveCfg = Release|Any CPU
		{10372A2C-A67D-4396-90AF-BB0FD1030751}.Release|Any CPU.Build.0 = Release|Any CPU
		{B2AE1FB9-19A4-48D2-9670-1346FC4CBA41}.Debug|Any CPU.ActiveCfg = Debug|Any CPU
		{B2AE1FB9-19A4-48D2-9670-1346FC4CBA41}.Debug|Any CPU.Build.0 = Debug|Any CPU
		{B2AE1FB9-19A4-48D2-9670-1346FC4CBA41}.Release|Any CPU.ActiveCfg = Release|Any CPU
		{B2AE1FB9-19A4-48D2-9670-1346FC4CBA41}.Release|Any CPU.Build.0 = Release|Any CPU
		{9D7F1AA6-4B87-41E7-993A-148C96DCD9AD}.Debug|Any CPU.ActiveCfg = Debug|Any CPU
		{9D7F1AA6-4B87-41E7-993A-148C96DCD9AD}.Debug|Any CPU.Build.0 = Debug|Any CPU
		{9D7F1AA6-4B87-41E7-993A-148C96DCD9AD}.Release|Any CPU.ActiveCfg = Release|Any CPU
		{9D7F1AA6-4B87-41E7-993A-148C96DCD9AD}.Release|Any CPU.Build.0 = Release|Any CPU
		{F232C851-2F19-43CE-AF32-2E2B7E735E57}.Debug|Any CPU.ActiveCfg = Debug|Any CPU
		{F232C851-2F19-43CE-AF32-2E2B7E735E57}.Debug|Any CPU.Build.0 = Debug|Any CPU
		{F232C851-2F19-43CE-AF32-2E2B7E735E57}.Release|Any CPU.ActiveCfg = Release|Any CPU
		{F232C851-2F19-43CE-AF32-2E2B7E735E57}.Release|Any CPU.Build.0 = Release|Any CPU
		{5D00FB08-96D2-4B3F-A409-34EB5DBD4274}.Debug|Any CPU.ActiveCfg = Debug|Any CPU
		{5D00FB08-96D2-4B3F-A409-34EB5DBD4274}.Debug|Any CPU.Build.0 = Debug|Any CPU
		{5D00FB08-96D2-4B3F-A409-34EB5DBD4274}.Release|Any CPU.ActiveCfg = Release|Any CPU
		{5D00FB08-96D2-4B3F-A409-34EB5DBD4274}.Release|Any CPU.Build.0 = Release|Any CPU
		{F74ED587-E772-4F98-A72D-EFD01849CED2}.Debug|Any CPU.ActiveCfg = Debug|Any CPU
		{F74ED587-E772-4F98-A72D-EFD01849CED2}.Debug|Any CPU.Build.0 = Debug|Any CPU
		{F74ED587-E772-4F98-A72D-EFD01849CED2}.Release|Any CPU.ActiveCfg = Release|Any CPU
		{F74ED587-E772-4F98-A72D-EFD01849CED2}.Release|Any CPU.Build.0 = Release|Any CPU
	EndGlobalSection
	GlobalSection(SolutionProperties) = preSolution
		HideSolutionNode = FALSE
	EndGlobalSection
EndGlobal
