
Microsoft Visual Studio Solution File, Format Version 12.00
# Visual Studio 2013
VisualStudioVersion = 12.0.30723.0
MinimumVisualStudioVersion = 10.0.40219.1
Project("{FAE04EC0-301F-11D3-BF4B-00C04F79EFBC}") = "CarsSearch", "CarsSearch\CarsSearch.csproj", "{B40B78BA-5DA4-4D20-A10F-D11B6C6B47F5}"
EndProject
Project("{FAE04EC0-301F-11D3-BF4B-00C04F79EFBC}") = "NorthwindTasks", "NorthwindTasks\NorthwindTasks.csproj", "{1D6FAC81-EF0D-42EC-B377-2F439A2D4B59}"
EndProject
Global
	GlobalSection(SolutionConfigurationPlatforms) = preSolution
		Debug|Any CPU = Debug|Any CPU
		Release|Any CPU = Release|Any CPU
	EndGlobalSection
	GlobalSection(ProjectConfigurationPlatforms) = postSolution
		{B40B78BA-5DA4-4D20-A10F-D11B6C6B47F5}.Debug|Any CPU.ActiveCfg = Debug|Any CPU
		{B40B78BA-5DA4-4D20-A10F-D11B6C6B47F5}.Debug|Any CPU.Build.0 = Debug|Any CPU
		{B40B78BA-5DA4-4D20-A10F-D11B6C6B47F5}.Release|Any CPU.ActiveCfg = Release|Any CPU
		{B40B78BA-5DA4-4D20-A10F-D11B6C6B47F5}.Release|Any CPU.Build.0 = Release|Any CPU
		{1D6FAC81-EF0D-42EC-B377-2F439A2D4B59}.Debug|Any CPU.ActiveCfg = Debug|Any CPU
		{1D6FAC81-EF0D-42EC-B377-2F439A2D4B59}.Debug|Any CPU.Build.0 = Debug|Any CPU
		{1D6FAC81-EF0D-42EC-B377-2F439A2D4B59}.Release|Any CPU.ActiveCfg = Release|Any CPU
		{1D6FAC81-EF0D-42EC-B377-2F439A2D4B59}.Release|Any CPU.Build.0 = Release|Any CPU
	EndGlobalSection
	GlobalSection(SolutionProperties) = preSolution
		HideSolutionNode = FALSE
	EndGlobalSection
EndGlobal
