
Microsoft Visual Studio Solution File, Format Version 12.00
# Visual Studio 2013
VisualStudioVersion = 12.0.30501.0
MinimumVisualStudioVersion = 10.0.40219.1
Project("{FAE04EC0-301F-11D3-BF4B-00C04F79EFBC}") = "Task01SumOfPositiveIntergers", "Task01SumOfPositiveIntergers\Task01SumOfPositiveIntergers.csproj", "{43EA1A13-F21F-442A-822B-49405E039948}"
EndProject
Project("{FAE04EC0-301F-11D3-BF4B-00C04F79EFBC}") = "Task02StackReverse", "Task02StackReverse\Task02StackReverse.csproj", "{C2A98A52-71C9-4B8C-AFF2-FE67C522936A}"
EndProject
Project("{FAE04EC0-301F-11D3-BF4B-00C04F79EFBC}") = "Task03ListSort", "Task03ListSort\Task03ListSort.csproj", "{5DFCF874-CF86-4828-AA41-199371DA099B}"
EndProject
Project("{FAE04EC0-301F-11D3-BF4B-00C04F79EFBC}") = "Task04LongestSubSequence", "Task04LongestSubSequence\Task04LongestSubSequence.csproj", "{9D08F681-6CF4-43C4-9D37-CC62DC7A1C63}"
EndProject
Project("{FAE04EC0-301F-11D3-BF4B-00C04F79EFBC}") = "Task05RemoveNegatives", "Task05RemoveNegatives\Task05RemoveNegatives.csproj", "{79D3DED5-D08F-4CD4-B64B-B53F161DD13F}"
EndProject
Project("{FAE04EC0-301F-11D3-BF4B-00C04F79EFBC}") = "Task06RemoveOddOqurrences", "Task06RemoveOddOqurrences\Task06RemoveOddOqurrences.csproj", "{2646B0A7-AC1F-4FF0-8DC7-C7935DE115E2}"
EndProject
Project("{FAE04EC0-301F-11D3-BF4B-00C04F79EFBC}") = "Utilities", "Utilities\Utilities.csproj", "{6E03DD4B-1093-44FC-92CA-08559A7DEE2D}"
EndProject
Project("{FAE04EC0-301F-11D3-BF4B-00C04F79EFBC}") = "Task07FindOccurences", "Task07FindOccurences\Task07FindOccurences.csproj", "{B0326E5D-C5A6-47F0-B0CB-0C9F6175FA2C}"
EndProject
Project("{FAE04EC0-301F-11D3-BF4B-00C04F79EFBC}") = "Task08Majorant", "Task08Majorant\Task08Majorant.csproj", "{2AB2A582-CA02-434C-A76F-02EF9F56D7BC}"
EndProject
Project("{FAE04EC0-301F-11D3-BF4B-00C04F79EFBC}") = "Task09PrintSequenceWithQueue", "Task09PrintSequenceWithQueue\Task09PrintSequenceWithQueue.csproj", "{A6175BAA-A8AF-4C50-A301-7B4E1FDDE089}"
EndProject
Project("{FAE04EC0-301F-11D3-BF4B-00C04F79EFBC}") = "Task10NAndMOperations", "Task10NAndMOperations\Task10NAndMOperations.csproj", "{96C3523D-FD06-4559-8071-05B3437C20E5}"
EndProject
Project("{FAE04EC0-301F-11D3-BF4B-00C04F79EFBC}") = "Task11LinkedList", "Task11LinkedList\Task11LinkedList.csproj", "{89B4D2A3-FCF7-40AF-AB57-EBA9CAD8DB09}"
EndProject
Project("{FAE04EC0-301F-11D3-BF4B-00C04F79EFBC}") = "Task12Stack", "Task12Stack\Task12Stack.csproj", "{EE1500C3-C260-4C4A-A8BB-9CDFC94EB3D3}"
EndProject
Project("{FAE04EC0-301F-11D3-BF4B-00C04F79EFBC}") = "Task13Queue", "Task13Queue\Task13Queue.csproj", "{E120B9E4-A2DB-4F38-A5AF-C0EDC2E3E46F}"
EndProject
Project("{FAE04EC0-301F-11D3-BF4B-00C04F79EFBC}") = "Task14Labyrinth", "Task14Labyrinth\Task14Labyrinth.csproj", "{4E0A103C-D720-497F-8377-0A591BB8C133}"
EndProject
Global
	GlobalSection(SolutionConfigurationPlatforms) = preSolution
		Debug|Any CPU = Debug|Any CPU
		Release|Any CPU = Release|Any CPU
	EndGlobalSection
	GlobalSection(ProjectConfigurationPlatforms) = postSolution
		{43EA1A13-F21F-442A-822B-49405E039948}.Debug|Any CPU.ActiveCfg = Debug|Any CPU
		{43EA1A13-F21F-442A-822B-49405E039948}.Debug|Any CPU.Build.0 = Debug|Any CPU
		{43EA1A13-F21F-442A-822B-49405E039948}.Release|Any CPU.ActiveCfg = Release|Any CPU
		{43EA1A13-F21F-442A-822B-49405E039948}.Release|Any CPU.Build.0 = Release|Any CPU
		{C2A98A52-71C9-4B8C-AFF2-FE67C522936A}.Debug|Any CPU.ActiveCfg = Debug|Any CPU
		{C2A98A52-71C9-4B8C-AFF2-FE67C522936A}.Debug|Any CPU.Build.0 = Debug|Any CPU
		{C2A98A52-71C9-4B8C-AFF2-FE67C522936A}.Release|Any CPU.ActiveCfg = Release|Any CPU
		{C2A98A52-71C9-4B8C-AFF2-FE67C522936A}.Release|Any CPU.Build.0 = Release|Any CPU
		{5DFCF874-CF86-4828-AA41-199371DA099B}.Debug|Any CPU.ActiveCfg = Debug|Any CPU
		{5DFCF874-CF86-4828-AA41-199371DA099B}.Debug|Any CPU.Build.0 = Debug|Any CPU
		{5DFCF874-CF86-4828-AA41-199371DA099B}.Release|Any CPU.ActiveCfg = Release|Any CPU
		{5DFCF874-CF86-4828-AA41-199371DA099B}.Release|Any CPU.Build.0 = Release|Any CPU
		{9D08F681-6CF4-43C4-9D37-CC62DC7A1C63}.Debug|Any CPU.ActiveCfg = Debug|Any CPU
		{9D08F681-6CF4-43C4-9D37-CC62DC7A1C63}.Debug|Any CPU.Build.0 = Debug|Any CPU
		{9D08F681-6CF4-43C4-9D37-CC62DC7A1C63}.Release|Any CPU.ActiveCfg = Release|Any CPU
		{9D08F681-6CF4-43C4-9D37-CC62DC7A1C63}.Release|Any CPU.Build.0 = Release|Any CPU
		{79D3DED5-D08F-4CD4-B64B-B53F161DD13F}.Debug|Any CPU.ActiveCfg = Debug|Any CPU
		{79D3DED5-D08F-4CD4-B64B-B53F161DD13F}.Debug|Any CPU.Build.0 = Debug|Any CPU
		{79D3DED5-D08F-4CD4-B64B-B53F161DD13F}.Release|Any CPU.ActiveCfg = Release|Any CPU
		{79D3DED5-D08F-4CD4-B64B-B53F161DD13F}.Release|Any CPU.Build.0 = Release|Any CPU
		{2646B0A7-AC1F-4FF0-8DC7-C7935DE115E2}.Debug|Any CPU.ActiveCfg = Debug|Any CPU
		{2646B0A7-AC1F-4FF0-8DC7-C7935DE115E2}.Debug|Any CPU.Build.0 = Debug|Any CPU
		{2646B0A7-AC1F-4FF0-8DC7-C7935DE115E2}.Release|Any CPU.ActiveCfg = Release|Any CPU
		{2646B0A7-AC1F-4FF0-8DC7-C7935DE115E2}.Release|Any CPU.Build.0 = Release|Any CPU
		{6E03DD4B-1093-44FC-92CA-08559A7DEE2D}.Debug|Any CPU.ActiveCfg = Debug|Any CPU
		{6E03DD4B-1093-44FC-92CA-08559A7DEE2D}.Debug|Any CPU.Build.0 = Debug|Any CPU
		{6E03DD4B-1093-44FC-92CA-08559A7DEE2D}.Release|Any CPU.ActiveCfg = Release|Any CPU
		{6E03DD4B-1093-44FC-92CA-08559A7DEE2D}.Release|Any CPU.Build.0 = Release|Any CPU
		{B0326E5D-C5A6-47F0-B0CB-0C9F6175FA2C}.Debug|Any CPU.ActiveCfg = Debug|Any CPU
		{B0326E5D-C5A6-47F0-B0CB-0C9F6175FA2C}.Debug|Any CPU.Build.0 = Debug|Any CPU
		{B0326E5D-C5A6-47F0-B0CB-0C9F6175FA2C}.Release|Any CPU.ActiveCfg = Release|Any CPU
		{B0326E5D-C5A6-47F0-B0CB-0C9F6175FA2C}.Release|Any CPU.Build.0 = Release|Any CPU
		{2AB2A582-CA02-434C-A76F-02EF9F56D7BC}.Debug|Any CPU.ActiveCfg = Debug|Any CPU
		{2AB2A582-CA02-434C-A76F-02EF9F56D7BC}.Debug|Any CPU.Build.0 = Debug|Any CPU
		{2AB2A582-CA02-434C-A76F-02EF9F56D7BC}.Release|Any CPU.ActiveCfg = Release|Any CPU
		{2AB2A582-CA02-434C-A76F-02EF9F56D7BC}.Release|Any CPU.Build.0 = Release|Any CPU
		{A6175BAA-A8AF-4C50-A301-7B4E1FDDE089}.Debug|Any CPU.ActiveCfg = Debug|Any CPU
		{A6175BAA-A8AF-4C50-A301-7B4E1FDDE089}.Debug|Any CPU.Build.0 = Debug|Any CPU
		{A6175BAA-A8AF-4C50-A301-7B4E1FDDE089}.Release|Any CPU.ActiveCfg = Release|Any CPU
		{A6175BAA-A8AF-4C50-A301-7B4E1FDDE089}.Release|Any CPU.Build.0 = Release|Any CPU
		{96C3523D-FD06-4559-8071-05B3437C20E5}.Debug|Any CPU.ActiveCfg = Debug|Any CPU
		{96C3523D-FD06-4559-8071-05B3437C20E5}.Debug|Any CPU.Build.0 = Debug|Any CPU
		{96C3523D-FD06-4559-8071-05B3437C20E5}.Release|Any CPU.ActiveCfg = Release|Any CPU
		{96C3523D-FD06-4559-8071-05B3437C20E5}.Release|Any CPU.Build.0 = Release|Any CPU
		{89B4D2A3-FCF7-40AF-AB57-EBA9CAD8DB09}.Debug|Any CPU.ActiveCfg = Debug|Any CPU
		{89B4D2A3-FCF7-40AF-AB57-EBA9CAD8DB09}.Debug|Any CPU.Build.0 = Debug|Any CPU
		{89B4D2A3-FCF7-40AF-AB57-EBA9CAD8DB09}.Release|Any CPU.ActiveCfg = Release|Any CPU
		{89B4D2A3-FCF7-40AF-AB57-EBA9CAD8DB09}.Release|Any CPU.Build.0 = Release|Any CPU
		{EE1500C3-C260-4C4A-A8BB-9CDFC94EB3D3}.Debug|Any CPU.ActiveCfg = Debug|Any CPU
		{EE1500C3-C260-4C4A-A8BB-9CDFC94EB3D3}.Debug|Any CPU.Build.0 = Debug|Any CPU
		{EE1500C3-C260-4C4A-A8BB-9CDFC94EB3D3}.Release|Any CPU.ActiveCfg = Release|Any CPU
		{EE1500C3-C260-4C4A-A8BB-9CDFC94EB3D3}.Release|Any CPU.Build.0 = Release|Any CPU
		{E120B9E4-A2DB-4F38-A5AF-C0EDC2E3E46F}.Debug|Any CPU.ActiveCfg = Debug|Any CPU
		{E120B9E4-A2DB-4F38-A5AF-C0EDC2E3E46F}.Debug|Any CPU.Build.0 = Debug|Any CPU
		{E120B9E4-A2DB-4F38-A5AF-C0EDC2E3E46F}.Release|Any CPU.ActiveCfg = Release|Any CPU
		{E120B9E4-A2DB-4F38-A5AF-C0EDC2E3E46F}.Release|Any CPU.Build.0 = Release|Any CPU
		{4E0A103C-D720-497F-8377-0A591BB8C133}.Debug|Any CPU.ActiveCfg = Debug|Any CPU
		{4E0A103C-D720-497F-8377-0A591BB8C133}.Debug|Any CPU.Build.0 = Debug|Any CPU
		{4E0A103C-D720-497F-8377-0A591BB8C133}.Release|Any CPU.ActiveCfg = Release|Any CPU
		{4E0A103C-D720-497F-8377-0A591BB8C133}.Release|Any CPU.Build.0 = Release|Any CPU
	EndGlobalSection
	GlobalSection(SolutionProperties) = preSolution
		HideSolutionNode = FALSE
	EndGlobalSection
EndGlobal
