
Microsoft Visual Studio Solution File, Format Version 12.00
# Visual Studio 2013
VisualStudioVersion = 12.0.30501.0
MinimumVisualStudioVersion = 10.0.40219.1
Project("{FAE04EC0-301F-11D3-BF4B-00C04F79EFBC}") = "Task1PriorityQueue", "Task1PriorityQueue\Task1PriorityQueue.csproj", "{DA25C485-CB68-4B17-B9FE-D5738B6BC1F3}"
EndProject
Project("{FAE04EC0-301F-11D3-BF4B-00C04F79EFBC}") = "Task2ProductsCollection", "Task2ProductsCollection\Task2ProductsCollection.csproj", "{AAE0202C-DBAA-4E69-B5AF-5005A429D343}"
EndProject
Project("{FAE04EC0-301F-11D3-BF4B-00C04F79EFBC}") = "Task3WordsSet", "Task3WordsSet\Task3WordsSet.csproj", "{12B00D38-2020-41DA-B538-F24294FF199B}"
EndProject
Global
	GlobalSection(SolutionConfigurationPlatforms) = preSolution
		Debug|Any CPU = Debug|Any CPU
		Release|Any CPU = Release|Any CPU
	EndGlobalSection
	GlobalSection(ProjectConfigurationPlatforms) = postSolution
		{DA25C485-CB68-4B17-B9FE-D5738B6BC1F3}.Debug|Any CPU.ActiveCfg = Debug|Any CPU
		{DA25C485-CB68-4B17-B9FE-D5738B6BC1F3}.Debug|Any CPU.Build.0 = Debug|Any CPU
		{DA25C485-CB68-4B17-B9FE-D5738B6BC1F3}.Release|Any CPU.ActiveCfg = Release|Any CPU
		{DA25C485-CB68-4B17-B9FE-D5738B6BC1F3}.Release|Any CPU.Build.0 = Release|Any CPU
		{AAE0202C-DBAA-4E69-B5AF-5005A429D343}.Debug|Any CPU.ActiveCfg = Debug|Any CPU
		{AAE0202C-DBAA-4E69-B5AF-5005A429D343}.Debug|Any CPU.Build.0 = Debug|Any CPU
		{AAE0202C-DBAA-4E69-B5AF-5005A429D343}.Release|Any CPU.ActiveCfg = Release|Any CPU
		{AAE0202C-DBAA-4E69-B5AF-5005A429D343}.Release|Any CPU.Build.0 = Release|Any CPU
		{12B00D38-2020-41DA-B538-F24294FF199B}.Debug|Any CPU.ActiveCfg = Debug|Any CPU
		{12B00D38-2020-41DA-B538-F24294FF199B}.Debug|Any CPU.Build.0 = Debug|Any CPU
		{12B00D38-2020-41DA-B538-F24294FF199B}.Release|Any CPU.ActiveCfg = Release|Any CPU
		{12B00D38-2020-41DA-B538-F24294FF199B}.Release|Any CPU.Build.0 = Release|Any CPU
	EndGlobalSection
	GlobalSection(SolutionProperties) = preSolution
		HideSolutionNode = FALSE
	EndGlobalSection
EndGlobal
